// !$*UTF8*$!
{
	archiveVersion = 1;
	classes = {
	};
	objectVersion = 50;
	objects = {

/* Begin PBXBuildFile section */
		6C149C75341F526A0516C951 /* Pods_Sudoku_Solver.framework in Frameworks */ = {isa = PBXBuildFile; fileRef = 2BE5471A8CE6F1E570360E9C /* Pods_Sudoku_Solver.framework */; };
		8FC4ED3820A9D759007F03CF /* AppDelegate.swift in Sources */ = {isa = PBXBuildFile; fileRef = 8FC4ED3720A9D759007F03CF /* AppDelegate.swift */; };
		8FC4ED3A20A9D759007F03CF /* art.scnassets in Resources */ = {isa = PBXBuildFile; fileRef = 8FC4ED3920A9D759007F03CF /* art.scnassets */; };
		8FC4ED3C20A9D759007F03CF /* ViewController.swift in Sources */ = {isa = PBXBuildFile; fileRef = 8FC4ED3B20A9D759007F03CF /* ViewController.swift */; };
		8FC4ED3F20A9D759007F03CF /* Main.storyboard in Resources */ = {isa = PBXBuildFile; fileRef = 8FC4ED3D20A9D759007F03CF /* Main.storyboard */; };
		8FC4ED4120A9D75B007F03CF /* Assets.xcassets in Resources */ = {isa = PBXBuildFile; fileRef = 8FC4ED4020A9D75B007F03CF /* Assets.xcassets */; };
		8FC4ED4420A9D75B007F03CF /* LaunchScreen.storyboard in Resources */ = {isa = PBXBuildFile; fileRef = 8FC4ED4220A9D75B007F03CF /* LaunchScreen.storyboard */; };
		8FC4ED4F20A9D75B007F03CF /* Sudoku_SolverTests.swift in Sources */ = {isa = PBXBuildFile; fileRef = 8FC4ED4E20A9D75B007F03CF /* Sudoku_SolverTests.swift */; };
		8FC4ED5A20A9D75B007F03CF /* Sudoku_SolverUITests.swift in Sources */ = {isa = PBXBuildFile; fileRef = 8FC4ED5920A9D75B007F03CF /* Sudoku_SolverUITests.swift */; };
		AA9234BE8BCE8513A38C89DA /* Pods_Sudoku_SolverUITests.framework in Frameworks */ = {isa = PBXBuildFile; fileRef = 366303575E0147D6B85C5F7E /* Pods_Sudoku_SolverUITests.framework */; };
		F8101AF2908B5DFE3CD6C9C1 /* Pods_Sudoku_SolverTests.framework in Frameworks */ = {isa = PBXBuildFile; fileRef = A7EECBD98410222AD41E92D9 /* Pods_Sudoku_SolverTests.framework */; };
/* End PBXBuildFile section */

/* Begin PBXContainerItemProxy section */
		8FC4ED4B20A9D75B007F03CF /* PBXContainerItemProxy */ = {
			isa = PBXContainerItemProxy;
			containerPortal = 8FC4ED2C20A9D759007F03CF /* Project object */;
			proxyType = 1;
			remoteGlobalIDString = 8FC4ED3320A9D759007F03CF;
			remoteInfo = "Sudoku Solver";
		};
		8FC4ED5620A9D75B007F03CF /* PBXContainerItemProxy */ = {
			isa = PBXContainerItemProxy;
			containerPortal = 8FC4ED2C20A9D759007F03CF /* Project object */;
			proxyType = 1;
			remoteGlobalIDString = 8FC4ED3320A9D759007F03CF;
			remoteInfo = "Sudoku Solver";
		};
/* End PBXContainerItemProxy section */

/* Begin PBXFileReference section */
		2BE5471A8CE6F1E570360E9C /* Pods_Sudoku_Solver.framework */ = {isa = PBXFileReference; explicitFileType = wrapper.framework; includeInIndex = 0; path = Pods_Sudoku_Solver.framework; sourceTree = BUILT_PRODUCTS_DIR; };
		366303575E0147D6B85C5F7E /* Pods_Sudoku_SolverUITests.framework */ = {isa = PBXFileReference; explicitFileType = wrapper.framework; includeInIndex = 0; path = Pods_Sudoku_SolverUITests.framework; sourceTree = BUILT_PRODUCTS_DIR; };
		577044024D102C85602BF888 /* Pods-Sudoku SolverTests.debug.xcconfig */ = {isa = PBXFileReference; includeInIndex = 1; lastKnownFileType = text.xcconfig; name = "Pods-Sudoku SolverTests.debug.xcconfig"; path = "Pods/Target Support Files/Pods-Sudoku SolverTests/Pods-Sudoku SolverTests.debug.xcconfig"; sourceTree = "<group>"; };
		58EF46C6BCACD1B54BC8DD48 /* Pods-Sudoku Solver.debug.xcconfig */ = {isa = PBXFileReference; includeInIndex = 1; lastKnownFileType = text.xcconfig; name = "Pods-Sudoku Solver.debug.xcconfig"; path = "Pods/Target Support Files/Pods-Sudoku Solver/Pods-Sudoku Solver.debug.xcconfig"; sourceTree = "<group>"; };
		73727E17EE3AD159ED76AAF2 /* Pods-Sudoku SolverTests.release.xcconfig */ = {isa = PBXFileReference; includeInIndex = 1; lastKnownFileType = text.xcconfig; name = "Pods-Sudoku SolverTests.release.xcconfig"; path = "Pods/Target Support Files/Pods-Sudoku SolverTests/Pods-Sudoku SolverTests.release.xcconfig"; sourceTree = "<group>"; };
		8FC4ED3420A9D759007F03CF /* Sudoku Solver.app */ = {isa = PBXFileReference; explicitFileType = wrapper.application; includeInIndex = 0; path = "Sudoku Solver.app"; sourceTree = BUILT_PRODUCTS_DIR; };
		8FC4ED3720A9D759007F03CF /* AppDelegate.swift */ = {isa = PBXFileReference; lastKnownFileType = sourcecode.swift; path = AppDelegate.swift; sourceTree = "<group>"; };
		8FC4ED3920A9D759007F03CF /* art.scnassets */ = {isa = PBXFileReference; lastKnownFileType = wrapper.scnassets; path = art.scnassets; sourceTree = "<group>"; };
		8FC4ED3B20A9D759007F03CF /* ViewController.swift */ = {isa = PBXFileReference; lastKnownFileType = sourcecode.swift; path = ViewController.swift; sourceTree = "<group>"; };
		8FC4ED3E20A9D759007F03CF /* Base */ = {isa = PBXFileReference; lastKnownFileType = file.storyboard; name = Base; path = Base.lproj/Main.storyboard; sourceTree = "<group>"; };
		8FC4ED4020A9D75B007F03CF /* Assets.xcassets */ = {isa = PBXFileReference; lastKnownFileType = folder.assetcatalog; path = Assets.xcassets; sourceTree = "<group>"; };
		8FC4ED4320A9D75B007F03CF /* Base */ = {isa = PBXFileReference; lastKnownFileType = file.storyboard; name = Base; path = Base.lproj/LaunchScreen.storyboard; sourceTree = "<group>"; };
		8FC4ED4520A9D75B007F03CF /* Info.plist */ = {isa = PBXFileReference; lastKnownFileType = text.plist.xml; path = Info.plist; sourceTree = "<group>"; };
		8FC4ED4A20A9D75B007F03CF /* Sudoku SolverTests.xctest */ = {isa = PBXFileReference; explicitFileType = wrapper.cfbundle; includeInIndex = 0; path = "Sudoku SolverTests.xctest"; sourceTree = BUILT_PRODUCTS_DIR; };
		8FC4ED4E20A9D75B007F03CF /* Sudoku_SolverTests.swift */ = {isa = PBXFileReference; lastKnownFileType = sourcecode.swift; path = Sudoku_SolverTests.swift; sourceTree = "<group>"; };
		8FC4ED5020A9D75B007F03CF /* Info.plist */ = {isa = PBXFileReference; lastKnownFileType = text.plist.xml; path = Info.plist; sourceTree = "<group>"; };
		8FC4ED5520A9D75B007F03CF /* Sudoku SolverUITests.xctest */ = {isa = PBXFileReference; explicitFileType = wrapper.cfbundle; includeInIndex = 0; path = "Sudoku SolverUITests.xctest"; sourceTree = BUILT_PRODUCTS_DIR; };
		8FC4ED5920A9D75B007F03CF /* Sudoku_SolverUITests.swift */ = {isa = PBXFileReference; lastKnownFileType = sourcecode.swift; path = Sudoku_SolverUITests.swift; sourceTree = "<group>"; };
		8FC4ED5B20A9D75B007F03CF /* Info.plist */ = {isa = PBXFileReference; lastKnownFileType = text.plist.xml; path = Info.plist; sourceTree = "<group>"; };
		A7EECBD98410222AD41E92D9 /* Pods_Sudoku_SolverTests.framework */ = {isa = PBXFileReference; explicitFileType = wrapper.framework; includeInIndex = 0; path = Pods_Sudoku_SolverTests.framework; sourceTree = BUILT_PRODUCTS_DIR; };
		C3B349D0F365D26875FE50F9 /* Pods-Sudoku SolverUITests.debug.xcconfig */ = {isa = PBXFileReference; includeInIndex = 1; lastKnownFileType = text.xcconfig; name = "Pods-Sudoku SolverUITests.debug.xcconfig"; path = "Pods/Target Support Files/Pods-Sudoku SolverUITests/Pods-Sudoku SolverUITests.debug.xcconfig"; sourceTree = "<group>"; };
		F09DBE10096D63E2B9636CAA /* Pods-Sudoku Solver.release.xcconfig */ = {isa = PBXFileReference; includeInIndex = 1; lastKnownFileType = text.xcconfig; name = "Pods-Sudoku Solver.release.xcconfig"; path = "Pods/Target Support Files/Pods-Sudoku Solver/Pods-Sudoku Solver.release.xcconfig"; sourceTree = "<group>"; };
		F4D5BB69A3834BE6760FB252 /* Pods-Sudoku SolverUITests.release.xcconfig */ = {isa = PBXFileReference; includeInIndex = 1; lastKnownFileType = text.xcconfig; name = "Pods-Sudoku SolverUITests.release.xcconfig"; path = "Pods/Target Support Files/Pods-Sudoku SolverUITests/Pods-Sudoku SolverUITests.release.xcconfig"; sourceTree = "<group>"; };
/* End PBXFileReference section */

/* Begin PBXFrameworksBuildPhase section */
		8FC4ED3120A9D759007F03CF /* Frameworks */ = {
			isa = PBXFrameworksBuildPhase;
			buildActionMask = 2147483647;
			files = (
				6C149C75341F526A0516C951 /* Pods_Sudoku_Solver.framework in Frameworks */,
			);
			runOnlyForDeploymentPostprocessing = 0;
		};
		8FC4ED4720A9D75B007F03CF /* Frameworks */ = {
			isa = PBXFrameworksBuildPhase;
			buildActionMask = 2147483647;
			files = (
				F8101AF2908B5DFE3CD6C9C1 /* Pods_Sudoku_SolverTests.framework in Frameworks */,
			);
			runOnlyForDeploymentPostprocessing = 0;
		};
		8FC4ED5220A9D75B007F03CF /* Frameworks */ = {
			isa = PBXFrameworksBuildPhase;
			buildActionMask = 2147483647;
			files = (
				AA9234BE8BCE8513A38C89DA /* Pods_Sudoku_SolverUITests.framework in Frameworks */,
			);
			runOnlyForDeploymentPostprocessing = 0;
		};
/* End PBXFrameworksBuildPhase section */

/* Begin PBXGroup section */
		8FC4ED2B20A9D759007F03CF = {
			isa = PBXGroup;
			children = (
				8FC4ED3620A9D759007F03CF /* Sudoku Solver */,
				8FC4ED4D20A9D75B007F03CF /* Sudoku SolverTests */,
				8FC4ED5820A9D75B007F03CF /* Sudoku SolverUITests */,
				8FC4ED3520A9D759007F03CF /* Products */,
				E8F35950E6C90BAF928B62E4 /* Pods */,
				C4A3079CAF1BB768980DFD3B /* Frameworks */,
			);
			sourceTree = "<group>";
		};
		8FC4ED3520A9D759007F03CF /* Products */ = {
			isa = PBXGroup;
			children = (
				8FC4ED3420A9D759007F03CF /* Sudoku Solver.app */,
				8FC4ED4A20A9D75B007F03CF /* Sudoku SolverTests.xctest */,
				8FC4ED5520A9D75B007F03CF /* Sudoku SolverUITests.xctest */,
			);
			name = Products;
			sourceTree = "<group>";
		};
		8FC4ED3620A9D759007F03CF /* Sudoku Solver */ = {
			isa = PBXGroup;
			children = (
				8FC4ED3720A9D759007F03CF /* AppDelegate.swift */,
				8FC4ED3920A9D759007F03CF /* art.scnassets */,
				8FC4ED3B20A9D759007F03CF /* ViewController.swift */,
				8FC4ED3D20A9D759007F03CF /* Main.storyboard */,
				8FC4ED4020A9D75B007F03CF /* Assets.xcassets */,
				8FC4ED4220A9D75B007F03CF /* LaunchScreen.storyboard */,
				8FC4ED4520A9D75B007F03CF /* Info.plist */,
			);
			path = "Sudoku Solver";
			sourceTree = "<group>";
		};
		8FC4ED4D20A9D75B007F03CF /* Sudoku SolverTests */ = {
			isa = PBXGroup;
			children = (
				8FC4ED4E20A9D75B007F03CF /* Sudoku_SolverTests.swift */,
				8FC4ED5020A9D75B007F03CF /* Info.plist */,
			);
			path = "Sudoku SolverTests";
			sourceTree = "<group>";
		};
		8FC4ED5820A9D75B007F03CF /* Sudoku SolverUITests */ = {
			isa = PBXGroup;
			children = (
				8FC4ED5920A9D75B007F03CF /* Sudoku_SolverUITests.swift */,
				8FC4ED5B20A9D75B007F03CF /* Info.plist */,
			);
			path = "Sudoku SolverUITests";
			sourceTree = "<group>";
		};
		C4A3079CAF1BB768980DFD3B /* Frameworks */ = {
			isa = PBXGroup;
			children = (
				2BE5471A8CE6F1E570360E9C /* Pods_Sudoku_Solver.framework */,
				A7EECBD98410222AD41E92D9 /* Pods_Sudoku_SolverTests.framework */,
				366303575E0147D6B85C5F7E /* Pods_Sudoku_SolverUITests.framework */,
			);
			name = Frameworks;
			sourceTree = "<group>";
		};
		E8F35950E6C90BAF928B62E4 /* Pods */ = {
			isa = PBXGroup;
			children = (
				58EF46C6BCACD1B54BC8DD48 /* Pods-Sudoku Solver.debug.xcconfig */,
				F09DBE10096D63E2B9636CAA /* Pods-Sudoku Solver.release.xcconfig */,
				577044024D102C85602BF888 /* Pods-Sudoku SolverTests.debug.xcconfig */,
				73727E17EE3AD159ED76AAF2 /* Pods-Sudoku SolverTests.release.xcconfig */,
				C3B349D0F365D26875FE50F9 /* Pods-Sudoku SolverUITests.debug.xcconfig */,
				F4D5BB69A3834BE6760FB252 /* Pods-Sudoku SolverUITests.release.xcconfig */,
			);
			name = Pods;
			sourceTree = "<group>";
		};
/* End PBXGroup section */

/* Begin PBXNativeTarget section */
		8FC4ED3320A9D759007F03CF /* Sudoku Solver */ = {
			isa = PBXNativeTarget;
			buildConfigurationList = 8FC4ED5E20A9D75B007F03CF /* Build configuration list for PBXNativeTarget "Sudoku Solver" */;
			buildPhases = (
				36263258B39F77C6EA72DE39 /* [CP] Check Pods Manifest.lock */,
				8FC4ED3020A9D759007F03CF /* Sources */,
				8FC4ED3120A9D759007F03CF /* Frameworks */,
				8FC4ED3220A9D759007F03CF /* Resources */,
				7D81491382158E2BEFFBC96E /* [CP] Embed Pods Frameworks */,
				9068A312EC6A7D6EFE54F462 /* [CP] Copy Pods Resources */,
			);
			buildRules = (
			);
			dependencies = (
			);
			name = "Sudoku Solver";
			productName = "Sudoku Solver";
			productReference = 8FC4ED3420A9D759007F03CF /* Sudoku Solver.app */;
			productType = "com.apple.product-type.application";
		};
		8FC4ED4920A9D75B007F03CF /* Sudoku SolverTests */ = {
			isa = PBXNativeTarget;
			buildConfigurationList = 8FC4ED6120A9D75B007F03CF /* Build configuration list for PBXNativeTarget "Sudoku SolverTests" */;
			buildPhases = (
				338CD31CE1B6964A2B78A2FF /* [CP] Check Pods Manifest.lock */,
				8FC4ED4620A9D75B007F03CF /* Sources */,
				8FC4ED4720A9D75B007F03CF /* Frameworks */,
				8FC4ED4820A9D75B007F03CF /* Resources */,
				81BE8A8A8ABD3D4A23D7B042 /* [CP] Embed Pods Frameworks */,
				011C3B2EA77746A58CF12252 /* [CP] Copy Pods Resources */,
			);
			buildRules = (
			);
			dependencies = (
				8FC4ED4C20A9D75B007F03CF /* PBXTargetDependency */,
			);
			name = "Sudoku SolverTests";
			productName = "Sudoku SolverTests";
			productReference = 8FC4ED4A20A9D75B007F03CF /* Sudoku SolverTests.xctest */;
			productType = "com.apple.product-type.bundle.unit-test";
		};
		8FC4ED5420A9D75B007F03CF /* Sudoku SolverUITests */ = {
			isa = PBXNativeTarget;
			buildConfigurationList = 8FC4ED6420A9D75B007F03CF /* Build configuration list for PBXNativeTarget "Sudoku SolverUITests" */;
			buildPhases = (
				D4525D0A775EEEAFFFF71BBE /* [CP] Check Pods Manifest.lock */,
				8FC4ED5120A9D75B007F03CF /* Sources */,
				8FC4ED5220A9D75B007F03CF /* Frameworks */,
				8FC4ED5320A9D75B007F03CF /* Resources */,
				78F2C6A55CCFA0B09496750E /* [CP] Embed Pods Frameworks */,
				A0EA1E84C0F90C5BED4CA25C /* [CP] Copy Pods Resources */,
			);
			buildRules = (
			);
			dependencies = (
				8FC4ED5720A9D75B007F03CF /* PBXTargetDependency */,
			);
			name = "Sudoku SolverUITests";
			productName = "Sudoku SolverUITests";
			productReference = 8FC4ED5520A9D75B007F03CF /* Sudoku SolverUITests.xctest */;
			productType = "com.apple.product-type.bundle.ui-testing";
		};
/* End PBXNativeTarget section */

/* Begin PBXProject section */
		8FC4ED2C20A9D759007F03CF /* Project object */ = {
			isa = PBXProject;
			attributes = {
				LastSwiftUpdateCheck = 0930;
				LastUpgradeCheck = 0930;
				ORGANIZATIONNAME = boudonpierre;
				TargetAttributes = {
					8FC4ED3320A9D759007F03CF = {
						CreatedOnToolsVersion = 9.3.1;
					};
					8FC4ED4920A9D75B007F03CF = {
						CreatedOnToolsVersion = 9.3.1;
						TestTargetID = 8FC4ED3320A9D759007F03CF;
					};
					8FC4ED5420A9D75B007F03CF = {
						CreatedOnToolsVersion = 9.3.1;
						TestTargetID = 8FC4ED3320A9D759007F03CF;
					};
				};
			};
			buildConfigurationList = 8FC4ED2F20A9D759007F03CF /* Build configuration list for PBXProject "Sudoku Solver" */;
			compatibilityVersion = "Xcode 9.3";
			developmentRegion = en;
			hasScannedForEncodings = 0;
			knownRegions = (
				en,
				Base,
			);
			mainGroup = 8FC4ED2B20A9D759007F03CF;
			productRefGroup = 8FC4ED3520A9D759007F03CF /* Products */;
			projectDirPath = "";
			projectRoot = "";
			targets = (
				8FC4ED3320A9D759007F03CF /* Sudoku Solver */,
				8FC4ED4920A9D75B007F03CF /* Sudoku SolverTests */,
				8FC4ED5420A9D75B007F03CF /* Sudoku SolverUITests */,
			);
		};
/* End PBXProject section */

/* Begin PBXResourcesBuildPhase section */
		8FC4ED3220A9D759007F03CF /* Resources */ = {
			isa = PBXResourcesBuildPhase;
			buildActionMask = 2147483647;
			files = (
				8FC4ED3A20A9D759007F03CF /* art.scnassets in Resources */,
				8FC4ED4420A9D75B007F03CF /* LaunchScreen.storyboard in Resources */,
				8FC4ED4120A9D75B007F03CF /* Assets.xcassets in Resources */,
				8FC4ED3F20A9D759007F03CF /* Main.storyboard in Resources */,
			);
			runOnlyForDeploymentPostprocessing = 0;
		};
		8FC4ED4820A9D75B007F03CF /* Resources */ = {
			isa = PBXResourcesBuildPhase;
			buildActionMask = 2147483647;
			files = (
			);
			runOnlyForDeploymentPostprocessing = 0;
		};
		8FC4ED5320A9D75B007F03CF /* Resources */ = {
			isa = PBXResourcesBuildPhase;
			buildActionMask = 2147483647;
			files = (
			);
			runOnlyForDeploymentPostprocessing = 0;
		};
/* End PBXResourcesBuildPhase section */

/* Begin PBXShellScriptBuildPhase section */
		011C3B2EA77746A58CF12252 /* [CP] Copy Pods Resources */ = {
			isa = PBXShellScriptBuildPhase;
			buildActionMask = 2147483647;
			files = (
			);
			inputPaths = (
			);
			name = "[CP] Copy Pods Resources";
			outputPaths = (
			);
			runOnlyForDeploymentPostprocessing = 0;
			shellPath = /bin/sh;
			shellScript = "\"${SRCROOT}/Pods/Target Support Files/Pods-Sudoku SolverTests/Pods-Sudoku SolverTests-resources.sh\"\n";
			showEnvVarsInLog = 0;
		};
		338CD31CE1B6964A2B78A2FF /* [CP] Check Pods Manifest.lock */ = {
			isa = PBXShellScriptBuildPhase;
			buildActionMask = 2147483647;
			files = (
			);
			inputPaths = (
				"${PODS_PODFILE_DIR_PATH}/Podfile.lock",
				"${PODS_ROOT}/Manifest.lock",
			);
			name = "[CP] Check Pods Manifest.lock";
			outputPaths = (
				"$(DERIVED_FILE_DIR)/Pods-Sudoku SolverTests-checkManifestLockResult.txt",
			);
			runOnlyForDeploymentPostprocessing = 0;
			shellPath = /bin/sh;
			shellScript = "diff \"${PODS_PODFILE_DIR_PATH}/Podfile.lock\" \"${PODS_ROOT}/Manifest.lock\" > /dev/null\nif [ $? != 0 ] ; then\n    # print error to STDERR\n    echo \"error: The sandbox is not in sync with the Podfile.lock. Run 'pod install' or update your CocoaPods installation.\" >&2\n    exit 1\nfi\n# This output is used by Xcode 'outputs' to avoid re-running this script phase.\necho \"SUCCESS\" > \"${SCRIPT_OUTPUT_FILE_0}\"\n";
			showEnvVarsInLog = 0;
		};
		36263258B39F77C6EA72DE39 /* [CP] Check Pods Manifest.lock */ = {
			isa = PBXShellScriptBuildPhase;
			buildActionMask = 2147483647;
			files = (
			);
			inputPaths = (
				"${PODS_PODFILE_DIR_PATH}/Podfile.lock",
				"${PODS_ROOT}/Manifest.lock",
			);
			name = "[CP] Check Pods Manifest.lock";
			outputPaths = (
				"$(DERIVED_FILE_DIR)/Pods-Sudoku Solver-checkManifestLockResult.txt",
			);
			runOnlyForDeploymentPostprocessing = 0;
			shellPath = /bin/sh;
			shellScript = "diff \"${PODS_PODFILE_DIR_PATH}/Podfile.lock\" \"${PODS_ROOT}/Manifest.lock\" > /dev/null\nif [ $? != 0 ] ; then\n    # print error to STDERR\n    echo \"error: The sandbox is not in sync with the Podfile.lock. Run 'pod install' or update your CocoaPods installation.\" >&2\n    exit 1\nfi\n# This output is used by Xcode 'outputs' to avoid re-running this script phase.\necho \"SUCCESS\" > \"${SCRIPT_OUTPUT_FILE_0}\"\n";
			showEnvVarsInLog = 0;
		};
		78F2C6A55CCFA0B09496750E /* [CP] Embed Pods Frameworks */ = {
			isa = PBXShellScriptBuildPhase;
			buildActionMask = 2147483647;
			files = (
			);
			inputPaths = (
			);
			name = "[CP] Embed Pods Frameworks";
			outputPaths = (
			);
			runOnlyForDeploymentPostprocessing = 0;
			shellPath = /bin/sh;
			shellScript = "\"${SRCROOT}/Pods/Target Support Files/Pods-Sudoku SolverUITests/Pods-Sudoku SolverUITests-frameworks.sh\"\n";
			showEnvVarsInLog = 0;
		};
		7D81491382158E2BEFFBC96E /* [CP] Embed Pods Frameworks */ = {
			isa = PBXShellScriptBuildPhase;
			buildActionMask = 2147483647;
			files = (
			);
			inputPaths = (
			);
			name = "[CP] Embed Pods Frameworks";
			outputPaths = (
			);
			runOnlyForDeploymentPostprocessing = 0;
			shellPath = /bin/sh;
			shellScript = "\"${SRCROOT}/Pods/Target Support Files/Pods-Sudoku Solver/Pods-Sudoku Solver-frameworks.sh\"\n";
			showEnvVarsInLog = 0;
		};
		81BE8A8A8ABD3D4A23D7B042 /* [CP] Embed Pods Frameworks */ = {
			isa = PBXShellScriptBuildPhase;
			buildActionMask = 2147483647;
			files = (
			);
			inputPaths = (
			);
			name = "[CP] Embed Pods Frameworks";
			outputPaths = (
			);
			runOnlyForDeploymentPostprocessing = 0;
			shellPath = /bin/sh;
			shellScript = "\"${SRCROOT}/Pods/Target Support Files/Pods-Sudoku SolverTests/Pods-Sudoku SolverTests-frameworks.sh\"\n";
			showEnvVarsInLog = 0;
		};
		9068A312EC6A7D6EFE54F462 /* [CP] Copy Pods Resources */ = {
			isa = PBXShellScriptBuildPhase;
			buildActionMask = 2147483647;
			files = (
			);
			inputPaths = (
			);
			name = "[CP] Copy Pods Resources";
			outputPaths = (
			);
			runOnlyForDeploymentPostprocessing = 0;
			shellPath = /bin/sh;
			shellScript = "\"${SRCROOT}/Pods/Target Support Files/Pods-Sudoku Solver/Pods-Sudoku Solver-resources.sh\"\n";
			showEnvVarsInLog = 0;
		};
		A0EA1E84C0F90C5BED4CA25C /* [CP] Copy Pods Resources */ = {
			isa = PBXShellScriptBuildPhase;
			buildActionMask = 2147483647;
			files = (
			);
			inputPaths = (
			);
			name = "[CP] Copy Pods Resources";
			outputPaths = (
			);
			runOnlyForDeploymentPostprocessing = 0;
			shellPath = /bin/sh;
			shellScript = "\"${SRCROOT}/Pods/Target Support Files/Pods-Sudoku SolverUITests/Pods-Sudoku SolverUITests-resources.sh\"\n";
			showEnvVarsInLog = 0;
		};
		D4525D0A775EEEAFFFF71BBE /* [CP] Check Pods Manifest.lock */ = {
			isa = PBXShellScriptBuildPhase;
			buildActionMask = 2147483647;
			files = (
			);
			inputPaths = (
				"${PODS_PODFILE_DIR_PATH}/Podfile.lock",
				"${PODS_ROOT}/Manifest.lock",
			);
			name = "[CP] Check Pods Manifest.lock";
			outputPaths = (
				"$(DERIVED_FILE_DIR)/Pods-Sudoku SolverUITests-checkManifestLockResult.txt",
			);
			runOnlyForDeploymentPostprocessing = 0;
			shellPath = /bin/sh;
			shellScript = "diff \"${PODS_PODFILE_DIR_PATH}/Podfile.lock\" \"${PODS_ROOT}/Manifest.lock\" > /dev/null\nif [ $? != 0 ] ; then\n    # print error to STDERR\n    echo \"error: The sandbox is not in sync with the Podfile.lock. Run 'pod install' or update your CocoaPods installation.\" >&2\n    exit 1\nfi\n# This output is used by Xcode 'outputs' to avoid re-running this script phase.\necho \"SUCCESS\" > \"${SCRIPT_OUTPUT_FILE_0}\"\n";
			showEnvVarsInLog = 0;
		};
/* End PBXShellScriptBuildPhase section */

/* Begin PBXSourcesBuildPhase section */
		8FC4ED3020A9D759007F03CF /* Sources */ = {
			isa = PBXSourcesBuildPhase;
			buildActionMask = 2147483647;
			files = (
				8FC4ED3C20A9D759007F03CF /* ViewController.swift in Sources */,
				8FC4ED3820A9D759007F03CF /* AppDelegate.swift in Sources */,
			);
			runOnlyForDeploymentPostprocessing = 0;
		};
		8FC4ED4620A9D75B007F03CF /* Sources */ = {
			isa = PBXSourcesBuildPhase;
			buildActionMask = 2147483647;
			files = (
				8FC4ED4F20A9D75B007F03CF /* Sudoku_SolverTests.swift in Sources */,
			);
			runOnlyForDeploymentPostprocessing = 0;
		};
		8FC4ED5120A9D75B007F03CF /* Sources */ = {
			isa = PBXSourcesBuildPhase;
			buildActionMask = 2147483647;
			files = (
				8FC4ED5A20A9D75B007F03CF /* Sudoku_SolverUITests.swift in Sources */,
			);
			runOnlyForDeploymentPostprocessing = 0;
		};
/* End PBXSourcesBuildPhase section */

/* Begin PBXTargetDependency section */
		8FC4ED4C20A9D75B007F03CF /* PBXTargetDependency */ = {
			isa = PBXTargetDependency;
			target = 8FC4ED3320A9D759007F03CF /* Sudoku Solver */;
			targetProxy = 8FC4ED4B20A9D75B007F03CF /* PBXContainerItemProxy */;
		};
		8FC4ED5720A9D75B007F03CF /* PBXTargetDependency */ = {
			isa = PBXTargetDependency;
			target = 8FC4ED3320A9D759007F03CF /* Sudoku Solver */;
			targetProxy = 8FC4ED5620A9D75B007F03CF /* PBXContainerItemProxy */;
		};
/* End PBXTargetDependency section */

/* Begin PBXVariantGroup section */
		8FC4ED3D20A9D759007F03CF /* Main.storyboard */ = {
			isa = PBXVariantGroup;
			children = (
				8FC4ED3E20A9D759007F03CF /* Base */,
			);
			name = Main.storyboard;
			sourceTree = "<group>";
		};
		8FC4ED4220A9D75B007F03CF /* LaunchScreen.storyboard */ = {
			isa = PBXVariantGroup;
			children = (
				8FC4ED4320A9D75B007F03CF /* Base */,
			);
			name = LaunchScreen.storyboard;
			sourceTree = "<group>";
		};
/* End PBXVariantGroup section */

/* Begin XCBuildConfiguration section */
		8FC4ED5C20A9D75B007F03CF /* Debug */ = {
			isa = XCBuildConfiguration;
			buildSettings = {
				ALWAYS_SEARCH_USER_PATHS = NO;
				CLANG_ANALYZER_NONNULL = YES;
				CLANG_ANALYZER_NUMBER_OBJECT_CONVERSION = YES_AGGRESSIVE;
				CLANG_CXX_LANGUAGE_STANDARD = "gnu++14";
				CLANG_CXX_LIBRARY = "libc++";
				CLANG_ENABLE_MODULES = YES;
				CLANG_ENABLE_OBJC_ARC = YES;
				CLANG_ENABLE_OBJC_WEAK = YES;
				CLANG_WARN_BLOCK_CAPTURE_AUTORELEASING = YES;
				CLANG_WARN_BOOL_CONVERSION = YES;
				CLANG_WARN_COMMA = YES;
				CLANG_WARN_CONSTANT_CONVERSION = YES;
				CLANG_WARN_DEPRECATED_OBJC_IMPLEMENTATIONS = YES;
				CLANG_WARN_DIRECT_OBJC_ISA_USAGE = YES_ERROR;
				CLANG_WARN_DOCUMENTATION_COMMENTS = YES;
				CLANG_WARN_EMPTY_BODY = YES;
				CLANG_WARN_ENUM_CONVERSION = YES;
				CLANG_WARN_INFINITE_RECURSION = YES;
				CLANG_WARN_INT_CONVERSION = YES;
				CLANG_WARN_NON_LITERAL_NULL_CONVERSION = YES;
				CLANG_WARN_OBJC_IMPLICIT_RETAIN_SELF = YES;
				CLANG_WARN_OBJC_LITERAL_CONVERSION = YES;
				CLANG_WARN_OBJC_ROOT_CLASS = YES_ERROR;
				CLANG_WARN_RANGE_LOOP_ANALYSIS = YES;
				CLANG_WARN_STRICT_PROTOTYPES = YES;
				CLANG_WARN_SUSPICIOUS_MOVE = YES;
				CLANG_WARN_UNGUARDED_AVAILABILITY = YES_AGGRESSIVE;
				CLANG_WARN_UNREACHABLE_CODE = YES;
				CLANG_WARN__DUPLICATE_METHOD_MATCH = YES;
				CODE_SIGN_IDENTITY = "iPhone Developer";
				COPY_PHASE_STRIP = NO;
				DEBUG_INFORMATION_FORMAT = dwarf;
				ENABLE_STRICT_OBJC_MSGSEND = YES;
				ENABLE_TESTABILITY = YES;
				GCC_C_LANGUAGE_STANDARD = gnu11;
				GCC_DYNAMIC_NO_PIC = NO;
				GCC_NO_COMMON_BLOCKS = YES;
				GCC_OPTIMIZATION_LEVEL = 0;
				GCC_PREPROCESSOR_DEFINITIONS = (
					"DEBUG=1",
					"$(inherited)",
				);
				GCC_WARN_64_TO_32_BIT_CONVERSION = YES;
				GCC_WARN_ABOUT_RETURN_TYPE = YES_ERROR;
				GCC_WARN_UNDECLARED_SELECTOR = YES;
				GCC_WARN_UNINITIALIZED_AUTOS = YES_AGGRESSIVE;
				GCC_WARN_UNUSED_FUNCTION = YES;
				GCC_WARN_UNUSED_VARIABLE = YES;
				IPHONEOS_DEPLOYMENT_TARGET = 11.3;
				MTL_ENABLE_DEBUG_INFO = YES;
				ONLY_ACTIVE_ARCH = YES;
				SDKROOT = iphoneos;
				SWIFT_ACTIVE_COMPILATION_CONDITIONS = DEBUG;
				SWIFT_OPTIMIZATION_LEVEL = "-Onone";
			};
			name = Debug;
		};
		8FC4ED5D20A9D75B007F03CF /* Release */ = {
			isa = XCBuildConfiguration;
			buildSettings = {
				ALWAYS_SEARCH_USER_PATHS = NO;
				CLANG_ANALYZER_NONNULL = YES;
				CLANG_ANALYZER_NUMBER_OBJECT_CONVERSION = YES_AGGRESSIVE;
				CLANG_CXX_LANGUAGE_STANDARD = "gnu++14";
				CLANG_CXX_LIBRARY = "libc++";
				CLANG_ENABLE_MODULES = YES;
				CLANG_ENABLE_OBJC_ARC = YES;
				CLANG_ENABLE_OBJC_WEAK = YES;
				CLANG_WARN_BLOCK_CAPTURE_AUTORELEASING = YES;
				CLANG_WARN_BOOL_CONVERSION = YES;
				CLANG_WARN_COMMA = YES;
				CLANG_WARN_CONSTANT_CONVERSION = YES;
				CLANG_WARN_DEPRECATED_OBJC_IMPLEMENTATIONS = YES;
				CLANG_WARN_DIRECT_OBJC_ISA_USAGE = YES_ERROR;
				CLANG_WARN_DOCUMENTATION_COMMENTS = YES;
				CLANG_WARN_EMPTY_BODY = YES;
				CLANG_WARN_ENUM_CONVERSION = YES;
				CLANG_WARN_INFINITE_RECURSION = YES;
				CLANG_WARN_INT_CONVERSION = YES;
				CLANG_WARN_NON_LITERAL_NULL_CONVERSION = YES;
				CLANG_WARN_OBJC_IMPLICIT_RETAIN_SELF = YES;
				CLANG_WARN_OBJC_LITERAL_CONVERSION = YES;
				CLANG_WARN_OBJC_ROOT_CLASS = YES_ERROR;
				CLANG_WARN_RANGE_LOOP_ANALYSIS = YES;
				CLANG_WARN_STRICT_PROTOTYPES = YES;
				CLANG_WARN_SUSPICIOUS_MOVE = YES;
				CLANG_WARN_UNGUARDED_AVAILABILITY = YES_AGGRESSIVE;
				CLANG_WARN_UNREACHABLE_CODE = YES;
				CLANG_WARN__DUPLICATE_METHOD_MATCH = YES;
				CODE_SIGN_IDENTITY = "iPhone Developer";
				COPY_PHASE_STRIP = NO;
				DEBUG_INFORMATION_FORMAT = "dwarf-with-dsym";
				ENABLE_NS_ASSERTIONS = NO;
				ENABLE_STRICT_OBJC_MSGSEND = YES;
				GCC_C_LANGUAGE_STANDARD = gnu11;
				GCC_NO_COMMON_BLOCKS = YES;
				GCC_WARN_64_TO_32_BIT_CONVERSION = YES;
				GCC_WARN_ABOUT_RETURN_TYPE = YES_ERROR;
				GCC_WARN_UNDECLARED_SELECTOR = YES;
				GCC_WARN_UNINITIALIZED_AUTOS = YES_AGGRESSIVE;
				GCC_WARN_UNUSED_FUNCTION = YES;
				GCC_WARN_UNUSED_VARIABLE = YES;
				IPHONEOS_DEPLOYMENT_TARGET = 11.3;
				MTL_ENABLE_DEBUG_INFO = NO;
				SDKROOT = iphoneos;
				SWIFT_COMPILATION_MODE = wholemodule;
				SWIFT_OPTIMIZATION_LEVEL = "-O";
				VALIDATE_PRODUCT = YES;
			};
			name = Release;
		};
		8FC4ED5F20A9D75B007F03CF /* Debug */ = {
			isa = XCBuildConfiguration;
			baseConfigurationReference = 58EF46C6BCACD1B54BC8DD48 /* Pods-Sudoku Solver.debug.xcconfig */;
			buildSettings = {
				ASSETCATALOG_COMPILER_APPICON_NAME = AppIcon;
				CODE_SIGN_STYLE = Automatic;
				DEVELOPMENT_TEAM = 63ZVUM2RC3;
				INFOPLIST_FILE = "Sudoku Solver/Info.plist";
				LD_RUNPATH_SEARCH_PATHS = "$(inherited) @executable_path/Frameworks";
				PRODUCT_BUNDLE_IDENTIFIER = "fr.boudonpierre.Sudoku-Solver";
				PRODUCT_NAME = "$(TARGET_NAME)";
				SWIFT_VERSION = 4.0;
				TARGETED_DEVICE_FAMILY = "1,2";
			};
			name = Debug;
		};
		8FC4ED6020A9D75B007F03CF /* Release */ = {
			isa = XCBuildConfiguration;
			baseConfigurationReference = F09DBE10096D63E2B9636CAA /* Pods-Sudoku Solver.release.xcconfig */;
			buildSettings = {
				ASSETCATALOG_COMPILER_APPICON_NAME = AppIcon;
				CODE_SIGN_STYLE = Automatic;
				DEVELOPMENT_TEAM = 63ZVUM2RC3;
				INFOPLIST_FILE = "Sudoku Solver/Info.plist";
				LD_RUNPATH_SEARCH_PATHS = "$(inherited) @executable_path/Frameworks";
				PRODUCT_BUNDLE_IDENTIFIER = "fr.boudonpierre.Sudoku-Solver";
				PRODUCT_NAME = "$(TARGET_NAME)";
				SWIFT_VERSION = 4.0;
				TARGETED_DEVICE_FAMILY = "1,2";
			};
			name = Release;
		};
		8FC4ED6220A9D75B007F03CF /* Debug */ = {
			isa = XCBuildConfiguration;
			baseConfigurationReference = 577044024D102C85602BF888 /* Pods-Sudoku SolverTests.debug.xcconfig */;
			buildSettings = {
				ALWAYS_EMBED_SWIFT_STANDARD_LIBRARIES = YES;
				BUNDLE_LOADER = "$(TEST_HOST)";
				CODE_SIGN_STYLE = Automatic;
				DEVELOPMENT_TEAM = 63ZVUM2RC3;
				INFOPLIST_FILE = "Sudoku SolverTests/Info.plist";
				LD_RUNPATH_SEARCH_PATHS = "$(inherited) @executable_path/Frameworks @loader_path/Frameworks";
				PRODUCT_BUNDLE_IDENTIFIER = "fr.boudonpierre.Sudoku-SolverTests";
				PRODUCT_NAME = "$(TARGET_NAME)";
				SWIFT_VERSION = 4.0;
				TARGETED_DEVICE_FAMILY = "1,2";
				TEST_HOST = "$(BUILT_PRODUCTS_DIR)/Sudoku Solver.app/Sudoku Solver";
			};
			name = Debug;
		};
		8FC4ED6320A9D75B007F03CF /* Release */ = {
			isa = XCBuildConfiguration;
			baseConfigurationReference = 73727E17EE3AD159ED76AAF2 /* Pods-Sudoku SolverTests.release.xcconfig */;
			buildSettings = {
				ALWAYS_EMBED_SWIFT_STANDARD_LIBRARIES = YES;
				BUNDLE_LOADER = "$(TEST_HOST)";
				CODE_SIGN_STYLE = Automatic;
				DEVELOPMENT_TEAM = 63ZVUM2RC3;
				INFOPLIST_FILE = "Sudoku SolverTests/Info.plist";
				LD_RUNPATH_SEARCH_PATHS = "$(inherited) @executable_path/Frameworks @loader_path/Frameworks";
				PRODUCT_BUNDLE_IDENTIFIER = "fr.boudonpierre.Sudoku-SolverTests";
				PRODUCT_NAME = "$(TARGET_NAME)";
				SWIFT_VERSION = 4.0;
				TARGETED_DEVICE_FAMILY = "1,2";
				TEST_HOST = "$(BUILT_PRODUCTS_DIR)/Sudoku Solver.app/Sudoku Solver";
			};
			name = Release;
		};
		8FC4ED6520A9D75B007F03CF /* Debug */ = {
			isa = XCBuildConfiguration;
			baseConfigurationReference = C3B349D0F365D26875FE50F9 /* Pods-Sudoku SolverUITests.debug.xcconfig */;
			buildSettings = {
				ALWAYS_EMBED_SWIFT_STANDARD_LIBRARIES = YES;
				CODE_SIGN_STYLE = Automatic;
				DEVELOPMENT_TEAM = 63ZVUM2RC3;
				INFOPLIST_FILE = "Sudoku SolverUITests/Info.plist";
				LD_RUNPATH_SEARCH_PATHS = "$(inherited) @executable_path/Frameworks @loader_path/Frameworks";
				PRODUCT_BUNDLE_IDENTIFIER = "fr.boudonpierre.Sudoku-SolverUITests";
				PRODUCT_NAME = "$(TARGET_NAME)";
				SWIFT_VERSION = 4.0;
				TARGETED_DEVICE_FAMILY = "1,2";
				TEST_TARGET_NAME = "Sudoku Solver";
			};
			name = Debug;
		};
		8FC4ED6620A9D75B007F03CF /* Release */ = {
			isa = XCBuildConfiguration;
			baseConfigurationReference = F4D5BB69A3834BE6760FB252 /* Pods-Sudoku SolverUITests.release.xcconfig */;
			buildSettings = {
				ALWAYS_EMBED_SWIFT_STANDARD_LIBRARIES = YES;
				CODE_SIGN_STYLE = Automatic;
				DEVELOPMENT_TEAM = 63ZVUM2RC3;
				INFOPLIST_FILE = "Sudoku SolverUITests/Info.plist";
				LD_RUNPATH_SEARCH_PATHS = "$(inherited) @executable_path/Frameworks @loader_path/Frameworks";
				PRODUCT_BUNDLE_IDENTIFIER = "fr.boudonpierre.Sudoku-SolverUITests";
				PRODUCT_NAME = "$(TARGET_NAME)";
				SWIFT_VERSION = 4.0;
				TARGETED_DEVICE_FAMILY = "1,2";
				TEST_TARGET_NAME = "Sudoku Solver";
			};
			name = Release;
		};
/* End XCBuildConfiguration section */

/* Begin XCConfigurationList section */
		8FC4ED2F20A9D759007F03CF /* Build configuration list for PBXProject "Sudoku Solver" */ = {
			isa = XCConfigurationList;
			buildConfigurations = (
				8FC4ED5C20A9D75B007F03CF /* Debug */,
				8FC4ED5D20A9D75B007F03CF /* Release */,
			);
			defaultConfigurationIsVisible = 0;
			defaultConfigurationName = Release;
		};
		8FC4ED5E20A9D75B007F03CF /* Build configuration list for PBXNativeTarget "Sudoku Solver" */ = {
			isa = XCConfigurationList;
			buildConfigurations = (
				8FC4ED5F20A9D75B007F03CF /* Debug */,
				8FC4ED6020A9D75B007F03CF /* Release */,
			);
			defaultConfigurationIsVisible = 0;
			defaultConfigurationName = Release;
		};
		8FC4ED6120A9D75B007F03CF /* Build configuration list for PBXNativeTarget "Sudoku SolverTests" */ = {
			isa = XCConfigurationList;
			buildConfigurations = (
				8FC4ED6220A9D75B007F03CF /* Debug */,
				8FC4ED6320A9D75B007F03CF /* Release */,
			);
			defaultConfigurationIsVisible = 0;
			defaultConfigurationName = Release;
		};
		8FC4ED6420A9D75B007F03CF /* Build configuration list for PBXNativeTarget "Sudoku SolverUITests" */ = {
			isa = XCConfigurationList;
			buildConfigurations = (
				8FC4ED6520A9D75B007F03CF /* Debug */,
				8FC4ED6620A9D75B007F03CF /* Release */,
			);
			defaultConfigurationIsVisible = 0;
			defaultConfigurationName = Release;
		};
/* End XCConfigurationList section */
	};
	rootObject = 8FC4ED2C20A9D759007F03CF /* Project object */;
}
